
Microsoft Visual Studio Solution File, Format Version 12.00
# Visual Studio Version 17
VisualStudioVersion = 17.14.36518.9 d17.14
MinimumVisualStudioVersion = 10.0.40219.1
Project("{2150E333-8FDC-42A3-9474-1A3956D46DE8}") = "Task0", "Task0", "{02EA681E-C7D8-13C7-8484-4AC65E1B71E8}"
EndProject
Project("{FAE04EC0-301F-11D3-BF4B-00C04F79EFBC}") = "Tyuiu.IvanovMS.Sprint6.Task0.V10", "Tyuiu.IvanovMS.Sprint6.Task0.V10\Tyuiu.IvanovMS.Sprint6.Task0.V10.csproj", "{EB83420E-B2A4-4E2D-A6E6-0E388D534AA6}"
EndProject
Project("{FAE04EC0-301F-11D3-BF4B-00C04F79EFBC}") = "Tyuiu.IvanovMS.Sprint6.Task0.V10.Lib", "Tyuiu.IvanovMS.Sprint6.Task0.V10.Lib\Tyuiu.IvanovMS.Sprint6.Task0.V10.Lib.csproj", "{6A0408B8-1DE3-4E6B-80B5-311155EC7692}"
EndProject
Project("{FAE04EC0-301F-11D3-BF4B-00C04F79EFBC}") = "Tyuiu.IvanovMS.Sprint6.Task0.V10.Test", "Tyuiu.IvanovMS.Sprint6.Task0.V10.Test\Tyuiu.IvanovMS.Sprint6.Task0.V10.Test.csproj", "{6973F7F6-A1E3-42C1-AADB-CEA103A1DC8F}"
EndProject
Global
	GlobalSection(SolutionConfigurationPlatforms) = preSolution
		Debug|Any CPU = Debug|Any CPU
		Release|Any CPU = Release|Any CPU
	EndGlobalSection
	GlobalSection(ProjectConfigurationPlatforms) = postSolution
		{EB83420E-B2A4-4E2D-A6E6-0E388D534AA6}.Debug|Any CPU.ActiveCfg = Debug|Any CPU
		{EB83420E-B2A4-4E2D-A6E6-0E388D534AA6}.Debug|Any CPU.Build.0 = Debug|Any CPU
		{EB83420E-B2A4-4E2D-A6E6-0E388D534AA6}.Release|Any CPU.ActiveCfg = Release|Any CPU
		{EB83420E-B2A4-4E2D-A6E6-0E388D534AA6}.Release|Any CPU.Build.0 = Release|Any CPU
		{6A0408B8-1DE3-4E6B-80B5-311155EC7692}.Debug|Any CPU.ActiveCfg = Debug|Any CPU
		{6A0408B8-1DE3-4E6B-80B5-311155EC7692}.Debug|Any CPU.Build.0 = Debug|Any CPU
		{6A0408B8-1DE3-4E6B-80B5-311155EC7692}.Release|Any CPU.ActiveCfg = Release|Any CPU
		{6A0408B8-1DE3-4E6B-80B5-311155EC7692}.Release|Any CPU.Build.0 = Release|Any CPU
		{6973F7F6-A1E3-42C1-AADB-CEA103A1DC8F}.Debug|Any CPU.ActiveCfg = Debug|Any CPU
		{6973F7F6-A1E3-42C1-AADB-CEA103A1DC8F}.Debug|Any CPU.Build.0 = Debug|Any CPU
		{6973F7F6-A1E3-42C1-AADB-CEA103A1DC8F}.Release|Any CPU.ActiveCfg = Release|Any CPU
		{6973F7F6-A1E3-42C1-AADB-CEA103A1DC8F}.Release|Any CPU.Build.0 = Release|Any CPU
	EndGlobalSection
	GlobalSection(SolutionProperties) = preSolution
		HideSolutionNode = FALSE
	EndGlobalSection
	GlobalSection(NestedProjects) = preSolution
		{EB83420E-B2A4-4E2D-A6E6-0E388D534AA6} = {02EA681E-C7D8-13C7-8484-4AC65E1B71E8}
		{6A0408B8-1DE3-4E6B-80B5-311155EC7692} = {02EA681E-C7D8-13C7-8484-4AC65E1B71E8}
		{6973F7F6-A1E3-42C1-AADB-CEA103A1DC8F} = {02EA681E-C7D8-13C7-8484-4AC65E1B71E8}
	EndGlobalSection
	GlobalSection(ExtensibilityGlobals) = postSolution
		SolutionGuid = {CD9F7CD7-ECAA-4CDF-A59A-83FCA44E9749}
	EndGlobalSection
EndGlobal
