
Microsoft Visual Studio Solution File, Format Version 12.00
# Visual Studio Version 17
VisualStudioVersion = 17.14.36518.9
MinimumVisualStudioVersion = 10.0.40219.1
Project("{2150E333-8FDC-42A3-9474-1A3956D46DE8}") = "Task0", "Task0", "{02EA681E-C7D8-13C7-8484-4AC65E1B71E8}"
EndProject
Project("{FAE04EC0-301F-11D3-BF4B-00C04F79EFBC}") = "Tyuiu.IvanovMS.Sprint6.Task0.V10", "Tyuiu.IvanovMS.Sprint6.Task0.V10\Tyuiu.IvanovMS.Sprint6.Task0.V10.csproj", "{EB83420E-B2A4-4E2D-A6E6-0E388D534AA6}"
EndProject
Project("{FAE04EC0-301F-11D3-BF4B-00C04F79EFBC}") = "Tyuiu.IvanovMS.Sprint6.Task0.V10.Lib", "Tyuiu.IvanovMS.Sprint6.Task0.V10.Lib\Tyuiu.IvanovMS.Sprint6.Task0.V10.Lib.csproj", "{6A0408B8-1DE3-4E6B-80B5-311155EC7692}"
EndProject
Project("{FAE04EC0-301F-11D3-BF4B-00C04F79EFBC}") = "Tyuiu.IvanovMS.Sprint6.Task0.V10.Test", "Tyuiu.IvanovMS.Sprint6.Task0.V10.Test\Tyuiu.IvanovMS.Sprint6.Task0.V10.Test.csproj", "{6973F7F6-A1E3-42C1-AADB-CEA103A1DC8F}"
EndProject
Project("{2150E333-8FDC-42A3-9474-1A3956D46DE8}") = "Task1", "Task1", "{2E1C76EB-26B0-44D7-B088-F344CE9B9CA9}"
EndProject
Project("{FAE04EC0-301F-11D3-BF4B-00C04F79EFBC}") = "Tyuiu.IvanovMS.Sprint6.Task1.V7.Lib", "Tyuiu.IvanovMS.Sprint6.Task1.V7.Lib\Tyuiu.IvanovMS.Sprint6.Task1.V7.Lib.csproj", "{D33CAF10-8B4E-4C24-91AF-6F4ECBDCC426}"
EndProject
Project("{FAE04EC0-301F-11D3-BF4B-00C04F79EFBC}") = "Tyuiu.IvanovMS.Sprint6.Task1.V7.Test", "Tyuiu.IvanovMS.Sprint6.Task1.V7.Test\Tyuiu.IvanovMS.Sprint6.Task1.V7.Test.csproj", "{D981B5D7-CDA4-401B-862C-1D35B82B1033}"
EndProject
Project("{FAE04EC0-301F-11D3-BF4B-00C04F79EFBC}") = "Tyuiu.IvanovMS.Sprint6.Task1.V7", "Tyuiu.IvanovMS.Sprint6.Task1.V7\Tyuiu.IvanovMS.Sprint6.Task1.V7.csproj", "{42EA46A3-14B2-4A03-9A4C-10FD7DD6EAA5}"
EndProject
Project("{2150E333-8FDC-42A3-9474-1A3956D46DE8}") = "Task2", "Task2", "{C9575355-E346-40D9-9F34-96D9889B818B}"
EndProject
Project("{FAE04EC0-301F-11D3-BF4B-00C04F79EFBC}") = "Tyuiu.IvanovMS.Sprint6.Task2.V17", "Tyuiu.IvanovMS.Sprint6.Task2.V17\Tyuiu.IvanovMS.Sprint6.Task2.V17.csproj", "{24490279-0F60-4B0B-9231-DA270DAB6A5B}"
EndProject
Project("{FAE04EC0-301F-11D3-BF4B-00C04F79EFBC}") = "Tyuiu.IvanovMS.Sprint6.Task2.V17.Lib", "Tyuiu.IvanovMS.Sprint6.Task2.V17.Lib\Tyuiu.IvanovMS.Sprint6.Task2.V17.Lib.csproj", "{E773E657-35E5-4B9D-9F29-22EE6D021B57}"
EndProject
Project("{FAE04EC0-301F-11D3-BF4B-00C04F79EFBC}") = "Tyuiu.IvanovMS.Sprint6.Task2.V17.Test", "Tyuiu.IvanovMS.Sprint6.Task2.V17.Test\Tyuiu.IvanovMS.Sprint6.Task2.V17.Test.csproj", "{047C6706-B6A4-40CD-BFBF-9EBA5CF9DAE0}"
EndProject
Global
	GlobalSection(SolutionConfigurationPlatforms) = preSolution
		Debug|Any CPU = Debug|Any CPU
		Release|Any CPU = Release|Any CPU
	EndGlobalSection
	GlobalSection(ProjectConfigurationPlatforms) = postSolution
		{EB83420E-B2A4-4E2D-A6E6-0E388D534AA6}.Debug|Any CPU.ActiveCfg = Debug|Any CPU
		{EB83420E-B2A4-4E2D-A6E6-0E388D534AA6}.Debug|Any CPU.Build.0 = Debug|Any CPU
		{EB83420E-B2A4-4E2D-A6E6-0E388D534AA6}.Release|Any CPU.ActiveCfg = Release|Any CPU
		{EB83420E-B2A4-4E2D-A6E6-0E388D534AA6}.Release|Any CPU.Build.0 = Release|Any CPU
		{6A0408B8-1DE3-4E6B-80B5-311155EC7692}.Debug|Any CPU.ActiveCfg = Debug|Any CPU
		{6A0408B8-1DE3-4E6B-80B5-311155EC7692}.Debug|Any CPU.Build.0 = Debug|Any CPU
		{6A0408B8-1DE3-4E6B-80B5-311155EC7692}.Release|Any CPU.ActiveCfg = Release|Any CPU
		{6A0408B8-1DE3-4E6B-80B5-311155EC7692}.Release|Any CPU.Build.0 = Release|Any CPU
		{6973F7F6-A1E3-42C1-AADB-CEA103A1DC8F}.Debug|Any CPU.ActiveCfg = Debug|Any CPU
		{6973F7F6-A1E3-42C1-AADB-CEA103A1DC8F}.Debug|Any CPU.Build.0 = Debug|Any CPU
		{6973F7F6-A1E3-42C1-AADB-CEA103A1DC8F}.Release|Any CPU.ActiveCfg = Release|Any CPU
		{6973F7F6-A1E3-42C1-AADB-CEA103A1DC8F}.Release|Any CPU.Build.0 = Release|Any CPU
		{D33CAF10-8B4E-4C24-91AF-6F4ECBDCC426}.Debug|Any CPU.ActiveCfg = Debug|Any CPU
		{D33CAF10-8B4E-4C24-91AF-6F4ECBDCC426}.Debug|Any CPU.Build.0 = Debug|Any CPU
		{D33CAF10-8B4E-4C24-91AF-6F4ECBDCC426}.Release|Any CPU.ActiveCfg = Release|Any CPU
		{D33CAF10-8B4E-4C24-91AF-6F4ECBDCC426}.Release|Any CPU.Build.0 = Release|Any CPU
		{D981B5D7-CDA4-401B-862C-1D35B82B1033}.Debug|Any CPU.ActiveCfg = Debug|Any CPU
		{D981B5D7-CDA4-401B-862C-1D35B82B1033}.Debug|Any CPU.Build.0 = Debug|Any CPU
		{D981B5D7-CDA4-401B-862C-1D35B82B1033}.Release|Any CPU.ActiveCfg = Release|Any CPU
		{D981B5D7-CDA4-401B-862C-1D35B82B1033}.Release|Any CPU.Build.0 = Release|Any CPU
		{42EA46A3-14B2-4A03-9A4C-10FD7DD6EAA5}.Debug|Any CPU.ActiveCfg = Debug|Any CPU
		{42EA46A3-14B2-4A03-9A4C-10FD7DD6EAA5}.Debug|Any CPU.Build.0 = Debug|Any CPU
		{42EA46A3-14B2-4A03-9A4C-10FD7DD6EAA5}.Release|Any CPU.ActiveCfg = Release|Any CPU
		{42EA46A3-14B2-4A03-9A4C-10FD7DD6EAA5}.Release|Any CPU.Build.0 = Release|Any CPU
		{24490279-0F60-4B0B-9231-DA270DAB6A5B}.Debug|Any CPU.ActiveCfg = Debug|Any CPU
		{24490279-0F60-4B0B-9231-DA270DAB6A5B}.Debug|Any CPU.Build.0 = Debug|Any CPU
		{24490279-0F60-4B0B-9231-DA270DAB6A5B}.Release|Any CPU.ActiveCfg = Release|Any CPU
		{24490279-0F60-4B0B-9231-DA270DAB6A5B}.Release|Any CPU.Build.0 = Release|Any CPU
		{E773E657-35E5-4B9D-9F29-22EE6D021B57}.Debug|Any CPU.ActiveCfg = Debug|Any CPU
		{E773E657-35E5-4B9D-9F29-22EE6D021B57}.Debug|Any CPU.Build.0 = Debug|Any CPU
		{E773E657-35E5-4B9D-9F29-22EE6D021B57}.Release|Any CPU.ActiveCfg = Release|Any CPU
		{E773E657-35E5-4B9D-9F29-22EE6D021B57}.Release|Any CPU.Build.0 = Release|Any CPU
		{047C6706-B6A4-40CD-BFBF-9EBA5CF9DAE0}.Debug|Any CPU.ActiveCfg = Debug|Any CPU
		{047C6706-B6A4-40CD-BFBF-9EBA5CF9DAE0}.Debug|Any CPU.Build.0 = Debug|Any CPU
		{047C6706-B6A4-40CD-BFBF-9EBA5CF9DAE0}.Release|Any CPU.ActiveCfg = Release|Any CPU
		{047C6706-B6A4-40CD-BFBF-9EBA5CF9DAE0}.Release|Any CPU.Build.0 = Release|Any CPU
	EndGlobalSection
	GlobalSection(SolutionProperties) = preSolution
		HideSolutionNode = FALSE
	EndGlobalSection
	GlobalSection(NestedProjects) = preSolution
		{EB83420E-B2A4-4E2D-A6E6-0E388D534AA6} = {02EA681E-C7D8-13C7-8484-4AC65E1B71E8}
		{6A0408B8-1DE3-4E6B-80B5-311155EC7692} = {02EA681E-C7D8-13C7-8484-4AC65E1B71E8}
		{6973F7F6-A1E3-42C1-AADB-CEA103A1DC8F} = {02EA681E-C7D8-13C7-8484-4AC65E1B71E8}
		{D33CAF10-8B4E-4C24-91AF-6F4ECBDCC426} = {2E1C76EB-26B0-44D7-B088-F344CE9B9CA9}
		{D981B5D7-CDA4-401B-862C-1D35B82B1033} = {2E1C76EB-26B0-44D7-B088-F344CE9B9CA9}
		{42EA46A3-14B2-4A03-9A4C-10FD7DD6EAA5} = {2E1C76EB-26B0-44D7-B088-F344CE9B9CA9}
		{24490279-0F60-4B0B-9231-DA270DAB6A5B} = {C9575355-E346-40D9-9F34-96D9889B818B}
		{E773E657-35E5-4B9D-9F29-22EE6D021B57} = {C9575355-E346-40D9-9F34-96D9889B818B}
		{047C6706-B6A4-40CD-BFBF-9EBA5CF9DAE0} = {C9575355-E346-40D9-9F34-96D9889B818B}
	EndGlobalSection
	GlobalSection(ExtensibilityGlobals) = postSolution
		SolutionGuid = {CD9F7CD7-ECAA-4CDF-A59A-83FCA44E9749}
	EndGlobalSection
EndGlobal
