
Microsoft Visual Studio Solution File, Format Version 12.00
# Visual Studio Version 17
VisualStudioVersion = 17.14.36518.9
MinimumVisualStudioVersion = 10.0.40219.1
Project("{2150E333-8FDC-42A3-9474-1A3956D46DE8}") = "Task0", "Task0", "{02EA681E-C7D8-13C7-8484-4AC65E1B71E8}"
EndProject
Project("{FAE04EC0-301F-11D3-BF4B-00C04F79EFBC}") = "Tyuiu.IvanovMS.Sprint6.Task0.V10", "Tyuiu.IvanovMS.Sprint6.Task0.V10\Tyuiu.IvanovMS.Sprint6.Task0.V10.csproj", "{EB83420E-B2A4-4E2D-A6E6-0E388D534AA6}"
EndProject
Project("{FAE04EC0-301F-11D3-BF4B-00C04F79EFBC}") = "Tyuiu.IvanovMS.Sprint6.Task0.V10.Lib", "Tyuiu.IvanovMS.Sprint6.Task0.V10.Lib\Tyuiu.IvanovMS.Sprint6.Task0.V10.Lib.csproj", "{6A0408B8-1DE3-4E6B-80B5-311155EC7692}"
EndProject
Project("{FAE04EC0-301F-11D3-BF4B-00C04F79EFBC}") = "Tyuiu.IvanovMS.Sprint6.Task0.V10.Test", "Tyuiu.IvanovMS.Sprint6.Task0.V10.Test\Tyuiu.IvanovMS.Sprint6.Task0.V10.Test.csproj", "{6973F7F6-A1E3-42C1-AADB-CEA103A1DC8F}"
EndProject
Project("{2150E333-8FDC-42A3-9474-1A3956D46DE8}") = "Task1", "Task1", "{2E1C76EB-26B0-44D7-B088-F344CE9B9CA9}"
EndProject
Project("{FAE04EC0-301F-11D3-BF4B-00C04F79EFBC}") = "Tyuiu.IvanovMS.Sprint6.Task1.V7.Lib", "Tyuiu.IvanovMS.Sprint6.Task1.V7.Lib\Tyuiu.IvanovMS.Sprint6.Task1.V7.Lib.csproj", "{D33CAF10-8B4E-4C24-91AF-6F4ECBDCC426}"
EndProject
Project("{FAE04EC0-301F-11D3-BF4B-00C04F79EFBC}") = "Tyuiu.IvanovMS.Sprint6.Task1.V7.Test", "Tyuiu.IvanovMS.Sprint6.Task1.V7.Test\Tyuiu.IvanovMS.Sprint6.Task1.V7.Test.csproj", "{D981B5D7-CDA4-401B-862C-1D35B82B1033}"
EndProject
Project("{FAE04EC0-301F-11D3-BF4B-00C04F79EFBC}") = "Tyuiu.IvanovMS.Sprint6.Task1.V7", "Tyuiu.IvanovMS.Sprint6.Task1.V7\Tyuiu.IvanovMS.Sprint6.Task1.V7.csproj", "{42EA46A3-14B2-4A03-9A4C-10FD7DD6EAA5}"
EndProject
Project("{2150E333-8FDC-42A3-9474-1A3956D46DE8}") = "Task2", "Task2", "{C9575355-E346-40D9-9F34-96D9889B818B}"
EndProject
Project("{FAE04EC0-301F-11D3-BF4B-00C04F79EFBC}") = "Tyuiu.IvanovMS.Sprint6.Task2.V17", "Tyuiu.IvanovMS.Sprint6.Task2.V17\Tyuiu.IvanovMS.Sprint6.Task2.V17.csproj", "{24490279-0F60-4B0B-9231-DA270DAB6A5B}"
EndProject
Project("{FAE04EC0-301F-11D3-BF4B-00C04F79EFBC}") = "Tyuiu.IvanovMS.Sprint6.Task2.V17.Lib", "Tyuiu.IvanovMS.Sprint6.Task2.V17.Lib\Tyuiu.IvanovMS.Sprint6.Task2.V17.Lib.csproj", "{E773E657-35E5-4B9D-9F29-22EE6D021B57}"
EndProject
Project("{FAE04EC0-301F-11D3-BF4B-00C04F79EFBC}") = "Tyuiu.IvanovMS.Sprint6.Task2.V17.Test", "Tyuiu.IvanovMS.Sprint6.Task2.V17.Test\Tyuiu.IvanovMS.Sprint6.Task2.V17.Test.csproj", "{047C6706-B6A4-40CD-BFBF-9EBA5CF9DAE0}"
EndProject
Project("{2150E333-8FDC-42A3-9474-1A3956D46DE8}") = "Task3", "Task3", "{11ADE5B2-258A-40FC-A24D-4FE55C02DBE8}"
EndProject
Project("{FAE04EC0-301F-11D3-BF4B-00C04F79EFBC}") = "Tyuiu.IvanovMS.Sprint6.Task3.V28", "Tyuiu.IvanovMS.Sprint6.Task3.V28\Tyuiu.IvanovMS.Sprint6.Task3.V28.csproj", "{E49C83A8-2098-40B1-834D-58B2E4D770E5}"
EndProject
Project("{FAE04EC0-301F-11D3-BF4B-00C04F79EFBC}") = "Tyuiu.IvanovMS.Sprint6.Task3.V28.Lib", "Tyuiu.IvanovMS.Sprint6.Task3.V28.Lib\Tyuiu.IvanovMS.Sprint6.Task3.V28.Lib.csproj", "{2E451286-5F5D-48E6-BCE9-0DA601E4B395}"
EndProject
Project("{FAE04EC0-301F-11D3-BF4B-00C04F79EFBC}") = "Tyuiu.IvanovMS.Sprint6.Task3.V28.Test", "Tyuiu.IvanovMS.Sprint6.Task3.V28.Test\Tyuiu.IvanovMS.Sprint6.Task3.V28.Test.csproj", "{DBD9B849-5655-48E6-BA85-F5296C563A0D}"
EndProject
Project("{2150E333-8FDC-42A3-9474-1A3956D46DE8}") = "Task4", "Task4", "{AC694D2C-4EC7-46FA-99D4-8BDAE636EDEE}"
EndProject
Project("{FAE04EC0-301F-11D3-BF4B-00C04F79EFBC}") = "Tyuiu.IvanovMS.Sprint6.Task4.V11", "Tyuiu.IvanovMS.Sprint6.Task4.V11\Tyuiu.IvanovMS.Sprint6.Task4.V11.csproj", "{69570767-A38A-450E-8DD1-C899A240CEA5}"
EndProject
Project("{FAE04EC0-301F-11D3-BF4B-00C04F79EFBC}") = "Tyuiu.IvanovMS.Sprint6.Task4.V11.Lib", "Tyuiu.IvanovMS.Sprint6.Task4.V11.Lib\Tyuiu.IvanovMS.Sprint6.Task4.V11.Lib.csproj", "{C52D433A-F5D0-4EDA-B9F9-B964D7960B5A}"
EndProject
Project("{FAE04EC0-301F-11D3-BF4B-00C04F79EFBC}") = "Tyuiu.IvanovMS.Sprint6.Task4.V11.Test", "Tyuiu.IvanovMS.Sprint6.Task4.V11.Test\Tyuiu.IvanovMS.Sprint6.Task4.V11.Test.csproj", "{3550496D-67B6-4897-982A-404E36C8BA00}"
EndProject
Project("{2150E333-8FDC-42A3-9474-1A3956D46DE8}") = "Task5", "Task5", "{AE744DBC-F1EF-4090-BDC0-9F2EAFE382B9}"
EndProject
Project("{FAE04EC0-301F-11D3-BF4B-00C04F79EFBC}") = "Tyuiu.IvanovMS.Sprint6.Task5.V16", "Tyuiu.IvanovMS.Sprint6.Task5.V16\Tyuiu.IvanovMS.Sprint6.Task5.V16.csproj", "{064B904D-A79C-4B98-AF6E-493EC613784F}"
EndProject
Project("{FAE04EC0-301F-11D3-BF4B-00C04F79EFBC}") = "Tyuiu.IvanovMS.Sprint6.Task5.V16.Lib", "Tyuiu.IvanovMS.Sprint6.Task5.V16.Lib\Tyuiu.IvanovMS.Sprint6.Task5.V16.Lib.csproj", "{559EAB37-92E2-42A4-BE32-F072EB0BB9AF}"
EndProject
Project("{FAE04EC0-301F-11D3-BF4B-00C04F79EFBC}") = "Tyuiu.IvanovMS.Sprint6.Task5.V16.Test", "Tyuiu.IvanovMS.Sprint6.Task5.V16.Test\Tyuiu.IvanovMS.Sprint6.Task5.V16.Test.csproj", "{9246664F-6802-4562-BCDA-F8852D37211C}"
EndProject
Project("{2150E333-8FDC-42A3-9474-1A3956D46DE8}") = "Task6", "Task6", "{91B83986-7275-49D0-8306-FB8B867055F4}"
EndProject
Project("{FAE04EC0-301F-11D3-BF4B-00C04F79EFBC}") = "Tyuiu.IvanovMS.Sprint6.Task6.V13", "Tyuiu.IvanovMS.Sprint6.Task6.V13\Tyuiu.IvanovMS.Sprint6.Task6.V13.csproj", "{7F4E2870-7C53-41DC-A076-A6052565CBD1}"
EndProject
Project("{FAE04EC0-301F-11D3-BF4B-00C04F79EFBC}") = "Tyuiu.IvanovMS.Sprint6.Task6.V13.Lib", "Tyuiu.IvanovMS.Sprint6.Task6.V13.Lib\Tyuiu.IvanovMS.Sprint6.Task6.V13.Lib.csproj", "{D7F512F4-9CB7-40F9-9163-77ABC860EDFC}"
EndProject
Project("{FAE04EC0-301F-11D3-BF4B-00C04F79EFBC}") = "Tyuiu.IvanovMS.Sprint6.Task6.V13.Test", "Tyuiu.IvanovMS.Sprint6.Task6.V13.Test\Tyuiu.IvanovMS.Sprint6.Task6.V13.Test.csproj", "{0D95CCC7-FF08-4EBB-B974-FBB1479EE83B}"
EndProject
Project("{2150E333-8FDC-42A3-9474-1A3956D46DE8}") = "Task7", "Task7", "{7138FF8A-1F53-4C30-9BBC-F141855443FD}"
EndProject
Project("{FAE04EC0-301F-11D3-BF4B-00C04F79EFBC}") = "Tyuiu.IvanovMS.Sprint6.Task7.V14", "Tyuiu.IvanovMS.Sprint6.Task7.V14\Tyuiu.IvanovMS.Sprint6.Task7.V14.csproj", "{D7FB87F5-105B-421A-86C4-E1DFF12D6CC7}"
EndProject
Project("{FAE04EC0-301F-11D3-BF4B-00C04F79EFBC}") = "Tyuiu.IvanovMS.Sprint6.Task7.V14.Lib", "Tyuiu.IvanovMS.Sprint6.Task7.V14.Lib\Tyuiu.IvanovMS.Sprint6.Task7.V14.Lib.csproj", "{1FDA6091-C74E-4C9E-A941-AE68F3A505C3}"
EndProject
Project("{FAE04EC0-301F-11D3-BF4B-00C04F79EFBC}") = "Tyuiu.IvanovMS.Sprint6.Task7.V14.Test", "Tyuiu.IvanovMS.Sprint6.Task7.V14.Test\Tyuiu.IvanovMS.Sprint6.Task7.V14.Test.csproj", "{755192A5-A0A8-4E4E-9905-CD36D113798F}"
EndProject
Global
	GlobalSection(SolutionConfigurationPlatforms) = preSolution
		Debug|Any CPU = Debug|Any CPU
		Release|Any CPU = Release|Any CPU
	EndGlobalSection
	GlobalSection(ProjectConfigurationPlatforms) = postSolution
		{EB83420E-B2A4-4E2D-A6E6-0E388D534AA6}.Debug|Any CPU.ActiveCfg = Debug|Any CPU
		{EB83420E-B2A4-4E2D-A6E6-0E388D534AA6}.Debug|Any CPU.Build.0 = Debug|Any CPU
		{EB83420E-B2A4-4E2D-A6E6-0E388D534AA6}.Release|Any CPU.ActiveCfg = Release|Any CPU
		{EB83420E-B2A4-4E2D-A6E6-0E388D534AA6}.Release|Any CPU.Build.0 = Release|Any CPU
		{6A0408B8-1DE3-4E6B-80B5-311155EC7692}.Debug|Any CPU.ActiveCfg = Debug|Any CPU
		{6A0408B8-1DE3-4E6B-80B5-311155EC7692}.Debug|Any CPU.Build.0 = Debug|Any CPU
		{6A0408B8-1DE3-4E6B-80B5-311155EC7692}.Release|Any CPU.ActiveCfg = Release|Any CPU
		{6A0408B8-1DE3-4E6B-80B5-311155EC7692}.Release|Any CPU.Build.0 = Release|Any CPU
		{6973F7F6-A1E3-42C1-AADB-CEA103A1DC8F}.Debug|Any CPU.ActiveCfg = Debug|Any CPU
		{6973F7F6-A1E3-42C1-AADB-CEA103A1DC8F}.Debug|Any CPU.Build.0 = Debug|Any CPU
		{6973F7F6-A1E3-42C1-AADB-CEA103A1DC8F}.Release|Any CPU.ActiveCfg = Release|Any CPU
		{6973F7F6-A1E3-42C1-AADB-CEA103A1DC8F}.Release|Any CPU.Build.0 = Release|Any CPU
		{D33CAF10-8B4E-4C24-91AF-6F4ECBDCC426}.Debug|Any CPU.ActiveCfg = Debug|Any CPU
		{D33CAF10-8B4E-4C24-91AF-6F4ECBDCC426}.Debug|Any CPU.Build.0 = Debug|Any CPU
		{D33CAF10-8B4E-4C24-91AF-6F4ECBDCC426}.Release|Any CPU.ActiveCfg = Release|Any CPU
		{D33CAF10-8B4E-4C24-91AF-6F4ECBDCC426}.Release|Any CPU.Build.0 = Release|Any CPU
		{D981B5D7-CDA4-401B-862C-1D35B82B1033}.Debug|Any CPU.ActiveCfg = Debug|Any CPU
		{D981B5D7-CDA4-401B-862C-1D35B82B1033}.Debug|Any CPU.Build.0 = Debug|Any CPU
		{D981B5D7-CDA4-401B-862C-1D35B82B1033}.Release|Any CPU.ActiveCfg = Release|Any CPU
		{D981B5D7-CDA4-401B-862C-1D35B82B1033}.Release|Any CPU.Build.0 = Release|Any CPU
		{42EA46A3-14B2-4A03-9A4C-10FD7DD6EAA5}.Debug|Any CPU.ActiveCfg = Debug|Any CPU
		{42EA46A3-14B2-4A03-9A4C-10FD7DD6EAA5}.Debug|Any CPU.Build.0 = Debug|Any CPU
		{42EA46A3-14B2-4A03-9A4C-10FD7DD6EAA5}.Release|Any CPU.ActiveCfg = Release|Any CPU
		{42EA46A3-14B2-4A03-9A4C-10FD7DD6EAA5}.Release|Any CPU.Build.0 = Release|Any CPU
		{24490279-0F60-4B0B-9231-DA270DAB6A5B}.Debug|Any CPU.ActiveCfg = Debug|Any CPU
		{24490279-0F60-4B0B-9231-DA270DAB6A5B}.Debug|Any CPU.Build.0 = Debug|Any CPU
		{24490279-0F60-4B0B-9231-DA270DAB6A5B}.Release|Any CPU.ActiveCfg = Release|Any CPU
		{24490279-0F60-4B0B-9231-DA270DAB6A5B}.Release|Any CPU.Build.0 = Release|Any CPU
		{E773E657-35E5-4B9D-9F29-22EE6D021B57}.Debug|Any CPU.ActiveCfg = Debug|Any CPU
		{E773E657-35E5-4B9D-9F29-22EE6D021B57}.Debug|Any CPU.Build.0 = Debug|Any CPU
		{E773E657-35E5-4B9D-9F29-22EE6D021B57}.Release|Any CPU.ActiveCfg = Release|Any CPU
		{E773E657-35E5-4B9D-9F29-22EE6D021B57}.Release|Any CPU.Build.0 = Release|Any CPU
		{047C6706-B6A4-40CD-BFBF-9EBA5CF9DAE0}.Debug|Any CPU.ActiveCfg = Debug|Any CPU
		{047C6706-B6A4-40CD-BFBF-9EBA5CF9DAE0}.Debug|Any CPU.Build.0 = Debug|Any CPU
		{047C6706-B6A4-40CD-BFBF-9EBA5CF9DAE0}.Release|Any CPU.ActiveCfg = Release|Any CPU
		{047C6706-B6A4-40CD-BFBF-9EBA5CF9DAE0}.Release|Any CPU.Build.0 = Release|Any CPU
		{E49C83A8-2098-40B1-834D-58B2E4D770E5}.Debug|Any CPU.ActiveCfg = Debug|Any CPU
		{E49C83A8-2098-40B1-834D-58B2E4D770E5}.Debug|Any CPU.Build.0 = Debug|Any CPU
		{E49C83A8-2098-40B1-834D-58B2E4D770E5}.Release|Any CPU.ActiveCfg = Release|Any CPU
		{E49C83A8-2098-40B1-834D-58B2E4D770E5}.Release|Any CPU.Build.0 = Release|Any CPU
		{2E451286-5F5D-48E6-BCE9-0DA601E4B395}.Debug|Any CPU.ActiveCfg = Debug|Any CPU
		{2E451286-5F5D-48E6-BCE9-0DA601E4B395}.Debug|Any CPU.Build.0 = Debug|Any CPU
		{2E451286-5F5D-48E6-BCE9-0DA601E4B395}.Release|Any CPU.ActiveCfg = Release|Any CPU
		{2E451286-5F5D-48E6-BCE9-0DA601E4B395}.Release|Any CPU.Build.0 = Release|Any CPU
		{DBD9B849-5655-48E6-BA85-F5296C563A0D}.Debug|Any CPU.ActiveCfg = Debug|Any CPU
		{DBD9B849-5655-48E6-BA85-F5296C563A0D}.Debug|Any CPU.Build.0 = Debug|Any CPU
		{DBD9B849-5655-48E6-BA85-F5296C563A0D}.Release|Any CPU.ActiveCfg = Release|Any CPU
		{DBD9B849-5655-48E6-BA85-F5296C563A0D}.Release|Any CPU.Build.0 = Release|Any CPU
		{69570767-A38A-450E-8DD1-C899A240CEA5}.Debug|Any CPU.ActiveCfg = Debug|Any CPU
		{69570767-A38A-450E-8DD1-C899A240CEA5}.Debug|Any CPU.Build.0 = Debug|Any CPU
		{69570767-A38A-450E-8DD1-C899A240CEA5}.Release|Any CPU.ActiveCfg = Release|Any CPU
		{69570767-A38A-450E-8DD1-C899A240CEA5}.Release|Any CPU.Build.0 = Release|Any CPU
		{C52D433A-F5D0-4EDA-B9F9-B964D7960B5A}.Debug|Any CPU.ActiveCfg = Debug|Any CPU
		{C52D433A-F5D0-4EDA-B9F9-B964D7960B5A}.Debug|Any CPU.Build.0 = Debug|Any CPU
		{C52D433A-F5D0-4EDA-B9F9-B964D7960B5A}.Release|Any CPU.ActiveCfg = Release|Any CPU
		{C52D433A-F5D0-4EDA-B9F9-B964D7960B5A}.Release|Any CPU.Build.0 = Release|Any CPU
		{3550496D-67B6-4897-982A-404E36C8BA00}.Debug|Any CPU.ActiveCfg = Debug|Any CPU
		{3550496D-67B6-4897-982A-404E36C8BA00}.Debug|Any CPU.Build.0 = Debug|Any CPU
		{3550496D-67B6-4897-982A-404E36C8BA00}.Release|Any CPU.ActiveCfg = Release|Any CPU
		{3550496D-67B6-4897-982A-404E36C8BA00}.Release|Any CPU.Build.0 = Release|Any CPU
		{064B904D-A79C-4B98-AF6E-493EC613784F}.Debug|Any CPU.ActiveCfg = Debug|Any CPU
		{064B904D-A79C-4B98-AF6E-493EC613784F}.Debug|Any CPU.Build.0 = Debug|Any CPU
		{064B904D-A79C-4B98-AF6E-493EC613784F}.Release|Any CPU.ActiveCfg = Release|Any CPU
		{064B904D-A79C-4B98-AF6E-493EC613784F}.Release|Any CPU.Build.0 = Release|Any CPU
		{559EAB37-92E2-42A4-BE32-F072EB0BB9AF}.Debug|Any CPU.ActiveCfg = Debug|Any CPU
		{559EAB37-92E2-42A4-BE32-F072EB0BB9AF}.Debug|Any CPU.Build.0 = Debug|Any CPU
		{559EAB37-92E2-42A4-BE32-F072EB0BB9AF}.Release|Any CPU.ActiveCfg = Release|Any CPU
		{559EAB37-92E2-42A4-BE32-F072EB0BB9AF}.Release|Any CPU.Build.0 = Release|Any CPU
		{9246664F-6802-4562-BCDA-F8852D37211C}.Debug|Any CPU.ActiveCfg = Debug|Any CPU
		{9246664F-6802-4562-BCDA-F8852D37211C}.Debug|Any CPU.Build.0 = Debug|Any CPU
		{9246664F-6802-4562-BCDA-F8852D37211C}.Release|Any CPU.ActiveCfg = Release|Any CPU
		{9246664F-6802-4562-BCDA-F8852D37211C}.Release|Any CPU.Build.0 = Release|Any CPU
		{7F4E2870-7C53-41DC-A076-A6052565CBD1}.Debug|Any CPU.ActiveCfg = Debug|Any CPU
		{7F4E2870-7C53-41DC-A076-A6052565CBD1}.Debug|Any CPU.Build.0 = Debug|Any CPU
		{7F4E2870-7C53-41DC-A076-A6052565CBD1}.Release|Any CPU.ActiveCfg = Release|Any CPU
		{7F4E2870-7C53-41DC-A076-A6052565CBD1}.Release|Any CPU.Build.0 = Release|Any CPU
		{D7F512F4-9CB7-40F9-9163-77ABC860EDFC}.Debug|Any CPU.ActiveCfg = Debug|Any CPU
		{D7F512F4-9CB7-40F9-9163-77ABC860EDFC}.Debug|Any CPU.Build.0 = Debug|Any CPU
		{D7F512F4-9CB7-40F9-9163-77ABC860EDFC}.Release|Any CPU.ActiveCfg = Release|Any CPU
		{D7F512F4-9CB7-40F9-9163-77ABC860EDFC}.Release|Any CPU.Build.0 = Release|Any CPU
		{0D95CCC7-FF08-4EBB-B974-FBB1479EE83B}.Debug|Any CPU.ActiveCfg = Debug|Any CPU
		{0D95CCC7-FF08-4EBB-B974-FBB1479EE83B}.Debug|Any CPU.Build.0 = Debug|Any CPU
		{0D95CCC7-FF08-4EBB-B974-FBB1479EE83B}.Release|Any CPU.ActiveCfg = Release|Any CPU
		{0D95CCC7-FF08-4EBB-B974-FBB1479EE83B}.Release|Any CPU.Build.0 = Release|Any CPU
		{D7FB87F5-105B-421A-86C4-E1DFF12D6CC7}.Debug|Any CPU.ActiveCfg = Debug|Any CPU
		{D7FB87F5-105B-421A-86C4-E1DFF12D6CC7}.Debug|Any CPU.Build.0 = Debug|Any CPU
		{D7FB87F5-105B-421A-86C4-E1DFF12D6CC7}.Release|Any CPU.ActiveCfg = Release|Any CPU
		{D7FB87F5-105B-421A-86C4-E1DFF12D6CC7}.Release|Any CPU.Build.0 = Release|Any CPU
		{1FDA6091-C74E-4C9E-A941-AE68F3A505C3}.Debug|Any CPU.ActiveCfg = Debug|Any CPU
		{1FDA6091-C74E-4C9E-A941-AE68F3A505C3}.Debug|Any CPU.Build.0 = Debug|Any CPU
		{1FDA6091-C74E-4C9E-A941-AE68F3A505C3}.Release|Any CPU.ActiveCfg = Release|Any CPU
		{1FDA6091-C74E-4C9E-A941-AE68F3A505C3}.Release|Any CPU.Build.0 = Release|Any CPU
		{755192A5-A0A8-4E4E-9905-CD36D113798F}.Debug|Any CPU.ActiveCfg = Debug|Any CPU
		{755192A5-A0A8-4E4E-9905-CD36D113798F}.Debug|Any CPU.Build.0 = Debug|Any CPU
		{755192A5-A0A8-4E4E-9905-CD36D113798F}.Release|Any CPU.ActiveCfg = Release|Any CPU
		{755192A5-A0A8-4E4E-9905-CD36D113798F}.Release|Any CPU.Build.0 = Release|Any CPU
	EndGlobalSection
	GlobalSection(SolutionProperties) = preSolution
		HideSolutionNode = FALSE
	EndGlobalSection
	GlobalSection(NestedProjects) = preSolution
		{EB83420E-B2A4-4E2D-A6E6-0E388D534AA6} = {02EA681E-C7D8-13C7-8484-4AC65E1B71E8}
		{6A0408B8-1DE3-4E6B-80B5-311155EC7692} = {02EA681E-C7D8-13C7-8484-4AC65E1B71E8}
		{6973F7F6-A1E3-42C1-AADB-CEA103A1DC8F} = {02EA681E-C7D8-13C7-8484-4AC65E1B71E8}
		{D33CAF10-8B4E-4C24-91AF-6F4ECBDCC426} = {2E1C76EB-26B0-44D7-B088-F344CE9B9CA9}
		{D981B5D7-CDA4-401B-862C-1D35B82B1033} = {2E1C76EB-26B0-44D7-B088-F344CE9B9CA9}
		{42EA46A3-14B2-4A03-9A4C-10FD7DD6EAA5} = {2E1C76EB-26B0-44D7-B088-F344CE9B9CA9}
		{24490279-0F60-4B0B-9231-DA270DAB6A5B} = {C9575355-E346-40D9-9F34-96D9889B818B}
		{E773E657-35E5-4B9D-9F29-22EE6D021B57} = {C9575355-E346-40D9-9F34-96D9889B818B}
		{047C6706-B6A4-40CD-BFBF-9EBA5CF9DAE0} = {C9575355-E346-40D9-9F34-96D9889B818B}
		{E49C83A8-2098-40B1-834D-58B2E4D770E5} = {11ADE5B2-258A-40FC-A24D-4FE55C02DBE8}
		{2E451286-5F5D-48E6-BCE9-0DA601E4B395} = {11ADE5B2-258A-40FC-A24D-4FE55C02DBE8}
		{DBD9B849-5655-48E6-BA85-F5296C563A0D} = {11ADE5B2-258A-40FC-A24D-4FE55C02DBE8}
		{69570767-A38A-450E-8DD1-C899A240CEA5} = {AC694D2C-4EC7-46FA-99D4-8BDAE636EDEE}
		{C52D433A-F5D0-4EDA-B9F9-B964D7960B5A} = {AC694D2C-4EC7-46FA-99D4-8BDAE636EDEE}
		{3550496D-67B6-4897-982A-404E36C8BA00} = {AC694D2C-4EC7-46FA-99D4-8BDAE636EDEE}
		{064B904D-A79C-4B98-AF6E-493EC613784F} = {AE744DBC-F1EF-4090-BDC0-9F2EAFE382B9}
		{559EAB37-92E2-42A4-BE32-F072EB0BB9AF} = {AE744DBC-F1EF-4090-BDC0-9F2EAFE382B9}
		{9246664F-6802-4562-BCDA-F8852D37211C} = {AE744DBC-F1EF-4090-BDC0-9F2EAFE382B9}
		{7F4E2870-7C53-41DC-A076-A6052565CBD1} = {91B83986-7275-49D0-8306-FB8B867055F4}
		{D7F512F4-9CB7-40F9-9163-77ABC860EDFC} = {91B83986-7275-49D0-8306-FB8B867055F4}
		{0D95CCC7-FF08-4EBB-B974-FBB1479EE83B} = {91B83986-7275-49D0-8306-FB8B867055F4}
		{D7FB87F5-105B-421A-86C4-E1DFF12D6CC7} = {7138FF8A-1F53-4C30-9BBC-F141855443FD}
		{1FDA6091-C74E-4C9E-A941-AE68F3A505C3} = {7138FF8A-1F53-4C30-9BBC-F141855443FD}
		{755192A5-A0A8-4E4E-9905-CD36D113798F} = {7138FF8A-1F53-4C30-9BBC-F141855443FD}
	EndGlobalSection
	GlobalSection(ExtensibilityGlobals) = postSolution
		SolutionGuid = {CD9F7CD7-ECAA-4CDF-A59A-83FCA44E9749}
	EndGlobalSection
EndGlobal
